
Microsoft Visual Studio Solution File, Format Version 12.00
# Visual Studio Version 17
VisualStudioVersion = 17.14.36127.28
MinimumVisualStudioVersion = 10.0.40219.1
Project("{FAE04EC0-301F-11D3-BF4B-00C04F79EFBC}") = "APW.API", "APW.API\APW.API.csproj", "{53F50B49-2983-4394-A5B2-26B3564B28EB}"
EndProject
Project("{FAE04EC0-301F-11D3-BF4B-00C04F79EFBC}") = "APW.Web", "APW.Web\APW.Web.csproj", "{09632ED5-BED9-4424-83FE-8067FA1CF26A}"
EndProject
Project("{FAE04EC0-301F-11D3-BF4B-00C04F79EFBC}") = "APW.Models", "APW.Models\APW.Models.csproj", "{155FC315-EA17-4ABC-9CE5-95841ECCCBE1}"
EndProject
Project("{FAE04EC0-301F-11D3-BF4B-00C04F79EFBC}") = "APW.Architecture", "APW.Architecture\APW.Architecture.csproj", "{A5E0D563-DC4E-6BC6-6455-EC00758826AC}"
EndProject
Project("{FAE04EC0-301F-11D3-BF4B-00C04F79EFBC}") = "APW.Data", "APW.Data\APW.Data.csproj", "{147C2CB2-BFBB-48F2-B89F-9F4AB738D681}"
EndProject
Global
	GlobalSection(SolutionConfigurationPlatforms) = preSolution
		Debug|Any CPU = Debug|Any CPU
		Release|Any CPU = Release|Any CPU
	EndGlobalSection
	GlobalSection(ProjectConfigurationPlatforms) = postSolution
		{53F50B49-2983-4394-A5B2-26B3564B28EB}.Debug|Any CPU.ActiveCfg = Debug|Any CPU
		{53F50B49-2983-4394-A5B2-26B3564B28EB}.Debug|Any CPU.Build.0 = Debug|Any CPU
		{53F50B49-2983-4394-A5B2-26B3564B28EB}.Release|Any CPU.ActiveCfg = Release|Any CPU
		{53F50B49-2983-4394-A5B2-26B3564B28EB}.Release|Any CPU.Build.0 = Release|Any CPU
		{09632ED5-BED9-4424-83FE-8067FA1CF26A}.Debug|Any CPU.ActiveCfg = Debug|Any CPU
		{09632ED5-BED9-4424-83FE-8067FA1CF26A}.Debug|Any CPU.Build.0 = Debug|Any CPU
		{09632ED5-BED9-4424-83FE-8067FA1CF26A}.Release|Any CPU.ActiveCfg = Release|Any CPU
		{09632ED5-BED9-4424-83FE-8067FA1CF26A}.Release|Any CPU.Build.0 = Release|Any CPU
		{155FC315-EA17-4ABC-9CE5-95841ECCCBE1}.Debug|Any CPU.ActiveCfg = Debug|Any CPU
		{155FC315-EA17-4ABC-9CE5-95841ECCCBE1}.Debug|Any CPU.Build.0 = Debug|Any CPU
		{155FC315-EA17-4ABC-9CE5-95841ECCCBE1}.Release|Any CPU.ActiveCfg = Release|Any CPU
		{155FC315-EA17-4ABC-9CE5-95841ECCCBE1}.Release|Any CPU.Build.0 = Release|Any CPU
		{A5E0D563-DC4E-6BC6-6455-EC00758826AC}.Debug|Any CPU.ActiveCfg = Debug|Any CPU
		{A5E0D563-DC4E-6BC6-6455-EC00758826AC}.Debug|Any CPU.Build.0 = Debug|Any CPU
		{A5E0D563-DC4E-6BC6-6455-EC00758826AC}.Release|Any CPU.ActiveCfg = Release|Any CPU
		{A5E0D563-DC4E-6BC6-6455-EC00758826AC}.Release|Any CPU.Build.0 = Release|Any CPU
		{147C2CB2-BFBB-48F2-B89F-9F4AB738D681}.Debug|Any CPU.ActiveCfg = Debug|Any CPU
		{147C2CB2-BFBB-48F2-B89F-9F4AB738D681}.Debug|Any CPU.Build.0 = Debug|Any CPU
		{147C2CB2-BFBB-48F2-B89F-9F4AB738D681}.Release|Any CPU.ActiveCfg = Release|Any CPU
		{147C2CB2-BFBB-48F2-B89F-9F4AB738D681}.Release|Any CPU.Build.0 = Release|Any CPU
	EndGlobalSection
	GlobalSection(SolutionProperties) = preSolution
		HideSolutionNode = FALSE
	EndGlobalSection
	GlobalSection(ExtensibilityGlobals) = postSolution
		SolutionGuid = {1EC0A363-6F51-4A04-9156-2B8F34492B27}
	EndGlobalSection
EndGlobal
